
Microsoft Visual Studio Solution File, Format Version 12.00
# Visual Studio 15
VisualStudioVersion = 15.0.28010.2041
MinimumVisualStudioVersion = 10.0.40219.1
Project("{FAE04EC0-301F-11D3-BF4B-00C04F79EFBC}") = "Orenes.UnitTest.Example", "Orenes.UnitTest.Example\Orenes.UnitTest.Example.csproj", "{F5598C31-759B-4D29-B61A-377DA5B31F85}"
EndProject
Project("{FAE04EC0-301F-11D3-BF4B-00C04F79EFBC}") = "Orenes.UnitTest.Repositories", "Orenes.UnitTest.Repositories\Orenes.UnitTest.Repositories.csproj", "{00EDCC5F-BBE7-4ADB-8CDC-A7265B12BD4B}"
EndProject
Global
	GlobalSection(SolutionConfigurationPlatforms) = preSolution
		Debug|Any CPU = Debug|Any CPU
		Release|Any CPU = Release|Any CPU
	EndGlobalSection
	GlobalSection(ProjectConfigurationPlatforms) = postSolution
		{F5598C31-759B-4D29-B61A-377DA5B31F85}.Debug|Any CPU.ActiveCfg = Debug|Any CPU
		{F5598C31-759B-4D29-B61A-377DA5B31F85}.Debug|Any CPU.Build.0 = Debug|Any CPU
		{F5598C31-759B-4D29-B61A-377DA5B31F85}.Release|Any CPU.ActiveCfg = Release|Any CPU
		{F5598C31-759B-4D29-B61A-377DA5B31F85}.Release|Any CPU.Build.0 = Release|Any CPU
		{00EDCC5F-BBE7-4ADB-8CDC-A7265B12BD4B}.Debug|Any CPU.ActiveCfg = Debug|Any CPU
		{00EDCC5F-BBE7-4ADB-8CDC-A7265B12BD4B}.Debug|Any CPU.Build.0 = Debug|Any CPU
		{00EDCC5F-BBE7-4ADB-8CDC-A7265B12BD4B}.Release|Any CPU.ActiveCfg = Release|Any CPU
		{00EDCC5F-BBE7-4ADB-8CDC-A7265B12BD4B}.Release|Any CPU.Build.0 = Release|Any CPU
	EndGlobalSection
	GlobalSection(SolutionProperties) = preSolution
		HideSolutionNode = FALSE
	EndGlobalSection
	GlobalSection(ExtensibilityGlobals) = postSolution
		SolutionGuid = {ABF15EAD-4978-478C-9C7C-C3E5D1CCBA8F}
	EndGlobalSection
EndGlobal
